// !$*UTF8*$!
{
	archiveVersion = 1;
	classes = {
	};
	objectVersion = 55;
	objects = {

/* Begin PBXBuildFile section */
		25C51BDA277C4F3100ACEEFC /* AppDelegate.swift in Sources */ = {isa = PBXBuildFile; fileRef = 25C51BD9277C4F3100ACEEFC /* AppDelegate.swift */; };
		25C51BDC277C4F3100ACEEFC /* SceneDelegate.swift in Sources */ = {isa = PBXBuildFile; fileRef = 25C51BDB277C4F3100ACEEFC /* SceneDelegate.swift */; };
		25C51BDE277C4F3100ACEEFC /* ViewController.swift in Sources */ = {isa = PBXBuildFile; fileRef = 25C51BDD277C4F3100ACEEFC /* ViewController.swift */; };
		25C51BE1277C4F3100ACEEFC /* Main.storyboard in Resources */ = {isa = PBXBuildFile; fileRef = 25C51BDF277C4F3100ACEEFC /* Main.storyboard */; };
		25C51BE3277C4F3300ACEEFC /* Assets.xcassets in Resources */ = {isa = PBXBuildFile; fileRef = 25C51BE2277C4F3300ACEEFC /* Assets.xcassets */; };
		25C51BE6277C4F3300ACEEFC /* LaunchScreen.storyboard in Resources */ = {isa = PBXBuildFile; fileRef = 25C51BE4277C4F3300ACEEFC /* LaunchScreen.storyboard */; };
		25C51BF1277C4F3300ACEEFC /* GestureRecognizerTests.swift in Sources */ = {isa = PBXBuildFile; fileRef = 25C51BF0277C4F3300ACEEFC /* GestureRecognizerTests.swift */; };
		25C51BFB277C4F3300ACEEFC /* GestureRecognizerUITests.swift in Sources */ = {isa = PBXBuildFile; fileRef = 25C51BFA277C4F3300ACEEFC /* GestureRecognizerUITests.swift */; };
		25C51BFD277C4F3300ACEEFC /* GestureRecognizerUITestsLaunchTests.swift in Sources */ = {isa = PBXBuildFile; fileRef = 25C51BFC277C4F3300ACEEFC /* GestureRecognizerUITestsLaunchTests.swift */; };
/* End PBXBuildFile section */

/* Begin PBXContainerItemProxy section */
		25C51BED277C4F3300ACEEFC /* PBXContainerItemProxy */ = {
			isa = PBXContainerItemProxy;
			containerPortal = 25C51BCE277C4F3100ACEEFC /* Project object */;
			proxyType = 1;
			remoteGlobalIDString = 25C51BD5277C4F3100ACEEFC;
			remoteInfo = GestureRecognizer;
		};
		25C51BF7277C4F3300ACEEFC /* PBXContainerItemProxy */ = {
			isa = PBXContainerItemProxy;
			containerPortal = 25C51BCE277C4F3100ACEEFC /* Project object */;
			proxyType = 1;
			remoteGlobalIDString = 25C51BD5277C4F3100ACEEFC;
			remoteInfo = GestureRecognizer;
		};
/* End PBXContainerItemProxy section */

/* Begin PBXFileReference section */
		25C51BD6277C4F3100ACEEFC /* GestureRecognizer.app */ = {isa = PBXFileReference; explicitFileType = wrapper.application; includeInIndex = 0; path = GestureRecognizer.app; sourceTree = BUILT_PRODUCTS_DIR; };
		25C51BD9277C4F3100ACEEFC /* AppDelegate.swift */ = {isa = PBXFileReference; lastKnownFileType = sourcecode.swift; path = AppDelegate.swift; sourceTree = "<group>"; };
		25C51BDB277C4F3100ACEEFC /* SceneDelegate.swift */ = {isa = PBXFileReference; lastKnownFileType = sourcecode.swift; path = SceneDelegate.swift; sourceTree = "<group>"; };
		25C51BDD277C4F3100ACEEFC /* ViewController.swift */ = {isa = PBXFileReference; lastKnownFileType = sourcecode.swift; path = ViewController.swift; sourceTree = "<group>"; };
		25C51BE0277C4F3100ACEEFC /* Base */ = {isa = PBXFileReference; lastKnownFileType = file.storyboard; name = Base; path = Base.lproj/Main.storyboard; sourceTree = "<group>"; };
		25C51BE2277C4F3300ACEEFC /* Assets.xcassets */ = {isa = PBXFileReference; lastKnownFileType = folder.assetcatalog; path = Assets.xcassets; sourceTree = "<group>"; };
		25C51BE5277C4F3300ACEEFC /* Base */ = {isa = PBXFileReference; lastKnownFileType = file.storyboard; name = Base; path = Base.lproj/LaunchScreen.storyboard; sourceTree = "<group>"; };
		25C51BE7277C4F3300ACEEFC /* Info.plist */ = {isa = PBXFileReference; lastKnownFileType = text.plist.xml; path = Info.plist; sourceTree = "<group>"; };
		25C51BEC277C4F3300ACEEFC /* GestureRecognizerTests.xctest */ = {isa = PBXFileReference; explicitFileType = wrapper.cfbundle; includeInIndex = 0; path = GestureRecognizerTests.xctest; sourceTree = BUILT_PRODUCTS_DIR; };
		25C51BF0277C4F3300ACEEFC /* GestureRecognizerTests.swift */ = {isa = PBXFileReference; lastKnownFileType = sourcecode.swift; path = GestureRecognizerTests.swift; sourceTree = "<group>"; };
		25C51BF6277C4F3300ACEEFC /* GestureRecognizerUITests.xctest */ = {isa = PBXFileReference; explicitFileType = wrapper.cfbundle; includeInIndex = 0; path = GestureRecognizerUITests.xctest; sourceTree = BUILT_PRODUCTS_DIR; };
		25C51BFA277C4F3300ACEEFC /* GestureRecognizerUITests.swift */ = {isa = PBXFileReference; lastKnownFileType = sourcecode.swift; path = GestureRecognizerUITests.swift; sourceTree = "<group>"; };
		25C51BFC277C4F3300ACEEFC /* GestureRecognizerUITestsLaunchTests.swift */ = {isa = PBXFileReference; lastKnownFileType = sourcecode.swift; path = GestureRecognizerUITestsLaunchTests.swift; sourceTree = "<group>"; };
/* End PBXFileReference section */

/* Begin PBXFrameworksBuildPhase section */
		25C51BD3277C4F3100ACEEFC /* Frameworks */ = {
			isa = PBXFrameworksBuildPhase;
			buildActionMask = 2147483647;
			files = (
			);
			runOnlyForDeploymentPostprocessing = 0;
		};
		25C51BE9277C4F3300ACEEFC /* Frameworks */ = {
			isa = PBXFrameworksBuildPhase;
			buildActionMask = 2147483647;
			files = (
			);
			runOnlyForDeploymentPostprocessing = 0;
		};
		25C51BF3277C4F3300ACEEFC /* Frameworks */ = {
			isa = PBXFrameworksBuildPhase;
			buildActionMask = 2147483647;
			files = (
			);
			runOnlyForDeploymentPostprocessing = 0;
		};
/* End PBXFrameworksBuildPhase section */

/* Begin PBXGroup section */
		25C51BCD277C4F3100ACEEFC = {
			isa = PBXGroup;
			children = (
				25C51BD8277C4F3100ACEEFC /* GestureRecognizer */,
				25C51BEF277C4F3300ACEEFC /* GestureRecognizerTests */,
				25C51BF9277C4F3300ACEEFC /* GestureRecognizerUITests */,
				25C51BD7277C4F3100ACEEFC /* Products */,
			);
			sourceTree = "<group>";
		};
		25C51BD7277C4F3100ACEEFC /* Products */ = {
			isa = PBXGroup;
			children = (
				25C51BD6277C4F3100ACEEFC /* GestureRecognizer.app */,
				25C51BEC277C4F3300ACEEFC /* GestureRecognizerTests.xctest */,
				25C51BF6277C4F3300ACEEFC /* GestureRecognizerUITests.xctest */,
			);
			name = Products;
			sourceTree = "<group>";
		};
		25C51BD8277C4F3100ACEEFC /* GestureRecognizer */ = {
			isa = PBXGroup;
			children = (
				25C51BD9277C4F3100ACEEFC /* AppDelegate.swift */,
				25C51BDB277C4F3100ACEEFC /* SceneDelegate.swift */,
				25C51BDD277C4F3100ACEEFC /* ViewController.swift */,
				25C51BDF277C4F3100ACEEFC /* Main.storyboard */,
				25C51BE2277C4F3300ACEEFC /* Assets.xcassets */,
				25C51BE4277C4F3300ACEEFC /* LaunchScreen.storyboard */,
				25C51BE7277C4F3300ACEEFC /* Info.plist */,
			);
			path = GestureRecognizer;
			sourceTree = "<group>";
		};
		25C51BEF277C4F3300ACEEFC /* GestureRecognizerTests */ = {
			isa = PBXGroup;
			children = (
				25C51BF0277C4F3300ACEEFC /* GestureRecognizerTests.swift */,
			);
			path = GestureRecognizerTests;
			sourceTree = "<group>";
		};
		25C51BF9277C4F3300ACEEFC /* GestureRecognizerUITests */ = {
			isa = PBXGroup;
			children = (
				25C51BFA277C4F3300ACEEFC /* GestureRecognizerUITests.swift */,
				25C51BFC277C4F3300ACEEFC /* GestureRecognizerUITestsLaunchTests.swift */,
			);
			path = GestureRecognizerUITests;
			sourceTree = "<group>";
		};
/* End PBXGroup section */

/* Begin PBXNativeTarget section */
		25C51BD5277C4F3100ACEEFC /* GestureRecognizer */ = {
			isa = PBXNativeTarget;
			buildConfigurationList = 25C51C00277C4F3300ACEEFC /* Build configuration list for PBXNativeTarget "GestureRecognizer" */;
			buildPhases = (
				25C51BD2277C4F3100ACEEFC /* Sources */,
				25C51BD3277C4F3100ACEEFC /* Frameworks */,
				25C51BD4277C4F3100ACEEFC /* Resources */,
			);
			buildRules = (
			);
			dependencies = (
			);
			name = GestureRecognizer;
			productName = GestureRecognizer;
			productReference = 25C51BD6277C4F3100ACEEFC /* GestureRecognizer.app */;
			productType = "com.apple.product-type.application";
		};
		25C51BEB277C4F3300ACEEFC /* GestureRecognizerTests */ = {
			isa = PBXNativeTarget;
			buildConfigurationList = 25C51C03277C4F3300ACEEFC /* Build configuration list for PBXNativeTarget "GestureRecognizerTests" */;
			buildPhases = (
				25C51BE8277C4F3300ACEEFC /* Sources */,
				25C51BE9277C4F3300ACEEFC /* Frameworks */,
				25C51BEA277C4F3300ACEEFC /* Resources */,
			);
			buildRules = (
			);
			dependencies = (
				25C51BEE277C4F3300ACEEFC /* PBXTargetDependency */,
			);
			name = GestureRecognizerTests;
			productName = GestureRecognizerTests;
			productReference = 25C51BEC277C4F3300ACEEFC /* GestureRecognizerTests.xctest */;
			productType = "com.apple.product-type.bundle.unit-test";
		};
		25C51BF5277C4F3300ACEEFC /* GestureRecognizerUITests */ = {
			isa = PBXNativeTarget;
			buildConfigurationList = 25C51C06277C4F3300ACEEFC /* Build configuration list for PBXNativeTarget "GestureRecognizerUITests" */;
			buildPhases = (
				25C51BF2277C4F3300ACEEFC /* Sources */,
				25C51BF3277C4F3300ACEEFC /* Frameworks */,
				25C51BF4277C4F3300ACEEFC /* Resources */,
			);
			buildRules = (
			);
			dependencies = (
				25C51BF8277C4F3300ACEEFC /* PBXTargetDependency */,
			);
			name = GestureRecognizerUITests;
			productName = GestureRecognizerUITests;
			productReference = 25C51BF6277C4F3300ACEEFC /* GestureRecognizerUITests.xctest */;
			productType = "com.apple.product-type.bundle.ui-testing";
		};
/* End PBXNativeTarget section */

/* Begin PBXProject section */
		25C51BCE277C4F3100ACEEFC /* Project object */ = {
			isa = PBXProject;
			attributes = {
				BuildIndependentTargetsInParallel = 1;
				LastSwiftUpdateCheck = 1310;
				LastUpgradeCheck = 1310;
				TargetAttributes = {
					25C51BD5277C4F3100ACEEFC = {
						CreatedOnToolsVersion = 13.1;
					};
					25C51BEB277C4F3300ACEEFC = {
						CreatedOnToolsVersion = 13.1;
						TestTargetID = 25C51BD5277C4F3100ACEEFC;
					};
					25C51BF5277C4F3300ACEEFC = {
						CreatedOnToolsVersion = 13.1;
						TestTargetID = 25C51BD5277C4F3100ACEEFC;
					};
				};
			};
			buildConfigurationList = 25C51BD1277C4F3100ACEEFC /* Build configuration list for PBXProject "GestureRecognizer" */;
			compatibilityVersion = "Xcode 13.0";
			developmentRegion = en;
			hasScannedForEncodings = 0;
			knownRegions = (
				en,
				Base,
			);
			mainGroup = 25C51BCD277C4F3100ACEEFC;
			productRefGroup = 25C51BD7277C4F3100ACEEFC /* Products */;
			projectDirPath = "";
			projectRoot = "";
			targets = (
				25C51BD5277C4F3100ACEEFC /* GestureRecognizer */,
				25C51BEB277C4F3300ACEEFC /* GestureRecognizerTests */,
				25C51BF5277C4F3300ACEEFC /* GestureRecognizerUITests */,
			);
		};
/* End PBXProject section */

/* Begin PBXResourcesBuildPhase section */
		25C51BD4277C4F3100ACEEFC /* Resources */ = {
			isa = PBXResourcesBuildPhase;
			buildActionMask = 2147483647;
			files = (
				25C51BE6277C4F3300ACEEFC /* LaunchScreen.storyboard in Resources */,
				25C51BE3277C4F3300ACEEFC /* Assets.xcassets in Resources */,
				25C51BE1277C4F3100ACEEFC /* Main.storyboard in Resources */,
			);
			runOnlyForDeploymentPostprocessing = 0;
		};
		25C51BEA277C4F3300ACEEFC /* Resources */ = {
			isa = PBXResourcesBuildPhase;
			buildActionMask = 2147483647;
			files = (
			);
			runOnlyForDeploymentPostprocessing = 0;
		};
		25C51BF4277C4F3300ACEEFC /* Resources */ = {
			isa = PBXResourcesBuildPhase;
			buildActionMask = 2147483647;
			files = (
			);
			runOnlyForDeploymentPostprocessing = 0;
		};
/* End PBXResourcesBuildPhase section */

/* Begin PBXSourcesBuildPhase section */
		25C51BD2277C4F3100ACEEFC /* Sources */ = {
			isa = PBXSourcesBuildPhase;
			buildActionMask = 2147483647;
			files = (
				25C51BDE277C4F3100ACEEFC /* ViewController.swift in Sources */,
				25C51BDA277C4F3100ACEEFC /* AppDelegate.swift in Sources */,
				25C51BDC277C4F3100ACEEFC /* SceneDelegate.swift in Sources */,
			);
			runOnlyForDeploymentPostprocessing = 0;
		};
		25C51BE8277C4F3300ACEEFC /* Sources */ = {
			isa = PBXSourcesBuildPhase;
			buildActionMask = 2147483647;
			files = (
				25C51BF1277C4F3300ACEEFC /* GestureRecognizerTests.swift in Sources */,
			);
			runOnlyForDeploymentPostprocessing = 0;
		};
		25C51BF2277C4F3300ACEEFC /* Sources */ = {
			isa = PBXSourcesBuildPhase;
			buildActionMask = 2147483647;
			files = (
				25C51BFD277C4F3300ACEEFC /* GestureRecognizerUITestsLaunchTests.swift in Sources */,
				25C51BFB277C4F3300ACEEFC /* GestureRecognizerUITests.swift in Sources */,
			);
			runOnlyForDeploymentPostprocessing = 0;
		};
/* End PBXSourcesBuildPhase section */

/* Begin PBXTargetDependency section */
		25C51BEE277C4F3300ACEEFC /* PBXTargetDependency */ = {
			isa = PBXTargetDependency;
			target = 25C51BD5277C4F3100ACEEFC /* GestureRecognizer */;
			targetProxy = 25C51BED277C4F3300ACEEFC /* PBXContainerItemProxy */;
		};
		25C51BF8277C4F3300ACEEFC /* PBXTargetDependency */ = {
			isa = PBXTargetDependency;
			target = 25C51BD5277C4F3100ACEEFC /* GestureRecognizer */;
			targetProxy = 25C51BF7277C4F3300ACEEFC /* PBXContainerItemProxy */;
		};
/* End PBXTargetDependency section */

/* Begin PBXVariantGroup section */
		25C51BDF277C4F3100ACEEFC /* Main.storyboard */ = {
			isa = PBXVariantGroup;
			children = (
				25C51BE0277C4F3100ACEEFC /* Base */,
			);
			name = Main.storyboard;
			sourceTree = "<group>";
		};
		25C51BE4277C4F3300ACEEFC /* LaunchScreen.storyboard */ = {
			isa = PBXVariantGroup;
			children = (
				25C51BE5277C4F3300ACEEFC /* Base */,
			);
			name = LaunchScreen.storyboard;
			sourceTree = "<group>";
		};
/* End PBXVariantGroup section */

/* Begin XCBuildConfiguration section */
		25C51BFE277C4F3300ACEEFC /* Debug */ = {
			isa = XCBuildConfiguration;
			buildSettings = {
				ALWAYS_SEARCH_USER_PATHS = NO;
				CLANG_ANALYZER_NONNULL = YES;
				CLANG_ANALYZER_NUMBER_OBJECT_CONVERSION = YES_AGGRESSIVE;
				CLANG_CXX_LANGUAGE_STANDARD = "gnu++17";
				CLANG_CXX_LIBRARY = "libc++";
				CLANG_ENABLE_MODULES = YES;
				CLANG_ENABLE_OBJC_ARC = YES;
				CLANG_ENABLE_OBJC_WEAK = YES;
				CLANG_WARN_BLOCK_CAPTURE_AUTORELEASING = YES;
				CLANG_WARN_BOOL_CONVERSION = YES;
				CLANG_WARN_COMMA = YES;
				CLANG_WARN_CONSTANT_CONVERSION = YES;
				CLANG_WARN_DEPRECATED_OBJC_IMPLEMENTATIONS = YES;
				CLANG_WARN_DIRECT_OBJC_ISA_USAGE = YES_ERROR;
				CLANG_WARN_DOCUMENTATION_COMMENTS = YES;
				CLANG_WARN_EMPTY_BODY = YES;
				CLANG_WARN_ENUM_CONVERSION = YES;
				CLANG_WARN_INFINITE_RECURSION = YES;
				CLANG_WARN_INT_CONVERSION = YES;
				CLANG_WARN_NON_LITERAL_NULL_CONVERSION = YES;
				CLANG_WARN_OBJC_IMPLICIT_RETAIN_SELF = YES;
				CLANG_WARN_OBJC_LITERAL_CONVERSION = YES;
				CLANG_WARN_OBJC_ROOT_CLASS = YES_ERROR;
				CLANG_WARN_QUOTED_INCLUDE_IN_FRAMEWORK_HEADER = YES;
				CLANG_WARN_RANGE_LOOP_ANALYSIS = YES;
				CLANG_WARN_STRICT_PROTOTYPES = YES;
				CLANG_WARN_SUSPICIOUS_MOVE = YES;
				CLANG_WARN_UNGUARDED_AVAILABILITY = YES_AGGRESSIVE;
				CLANG_WARN_UNREACHABLE_CODE = YES;
				CLANG_WARN__DUPLICATE_METHOD_MATCH = YES;
				COPY_PHASE_STRIP = NO;
				DEBUG_INFORMATION_FORMAT = dwarf;
				ENABLE_STRICT_OBJC_MSGSEND = YES;
				ENABLE_TESTABILITY = YES;
				GCC_C_LANGUAGE_STANDARD = gnu11;
				GCC_DYNAMIC_NO_PIC = NO;
				GCC_NO_COMMON_BLOCKS = YES;
				GCC_OPTIMIZATION_LEVEL = 0;
				GCC_PREPROCESSOR_DEFINITIONS = (
					"DEBUG=1",
					"$(inherited)",
				);
				GCC_WARN_64_TO_32_BIT_CONVERSION = YES;
				GCC_WARN_ABOUT_RETURN_TYPE = YES_ERROR;
				GCC_WARN_UNDECLARED_SELECTOR = YES;
				GCC_WARN_UNINITIALIZED_AUTOS = YES_AGGRESSIVE;
				GCC_WARN_UNUSED_FUNCTION = YES;
				GCC_WARN_UNUSED_VARIABLE = YES;
				IPHONEOS_DEPLOYMENT_TARGET = 15.0;
				MTL_ENABLE_DEBUG_INFO = INCLUDE_SOURCE;
				MTL_FAST_MATH = YES;
				ONLY_ACTIVE_ARCH = YES;
				SDKROOT = iphoneos;
				SWIFT_ACTIVE_COMPILATION_CONDITIONS = DEBUG;
				SWIFT_OPTIMIZATION_LEVEL = "-Onone";
			};
			name = Debug;
		};
		25C51BFF277C4F3300ACEEFC /* Release */ = {
			isa = XCBuildConfiguration;
			buildSettings = {
				ALWAYS_SEARCH_USER_PATHS = NO;
				CLANG_ANALYZER_NONNULL = YES;
				CLANG_ANALYZER_NUMBER_OBJECT_CONVERSION = YES_AGGRESSIVE;
				CLANG_CXX_LANGUAGE_STANDARD = "gnu++17";
				CLANG_CXX_LIBRARY = "libc++";
				CLANG_ENABLE_MODULES = YES;
				CLANG_ENABLE_OBJC_ARC = YES;
				CLANG_ENABLE_OBJC_WEAK = YES;
				CLANG_WARN_BLOCK_CAPTURE_AUTORELEASING = YES;
				CLANG_WARN_BOOL_CONVERSION = YES;
				CLANG_WARN_COMMA = YES;
				CLANG_WARN_CONSTANT_CONVERSION = YES;
				CLANG_WARN_DEPRECATED_OBJC_IMPLEMENTATIONS = YES;
				CLANG_WARN_DIRECT_OBJC_ISA_USAGE = YES_ERROR;
				CLANG_WARN_DOCUMENTATION_COMMENTS = YES;
				CLANG_WARN_EMPTY_BODY = YES;
				CLANG_WARN_ENUM_CONVERSION = YES;
				CLANG_WARN_INFINITE_RECURSION = YES;
				CLANG_WARN_INT_CONVERSION = YES;
				CLANG_WARN_NON_LITERAL_NULL_CONVERSION = YES;
				CLANG_WARN_OBJC_IMPLICIT_RETAIN_SELF = YES;
				CLANG_WARN_OBJC_LITERAL_CONVERSION = YES;
				CLANG_WARN_OBJC_ROOT_CLASS = YES_ERROR;
				CLANG_WARN_QUOTED_INCLUDE_IN_FRAMEWORK_HEADER = YES;
				CLANG_WARN_RANGE_LOOP_ANALYSIS = YES;
				CLANG_WARN_STRICT_PROTOTYPES = YES;
				CLANG_WARN_SUSPICIOUS_MOVE = YES;
				CLANG_WARN_UNGUARDED_AVAILABILITY = YES_AGGRESSIVE;
				CLANG_WARN_UNREACHABLE_CODE = YES;
				CLANG_WARN__DUPLICATE_METHOD_MATCH = YES;
				COPY_PHASE_STRIP = NO;
				DEBUG_INFORMATION_FORMAT = "dwarf-with-dsym";
				ENABLE_NS_ASSERTIONS = NO;
				ENABLE_STRICT_OBJC_MSGSEND = YES;
				GCC_C_LANGUAGE_STANDARD = gnu11;
				GCC_NO_COMMON_BLOCKS = YES;
				GCC_WARN_64_TO_32_BIT_CONVERSION = YES;
				GCC_WARN_ABOUT_RETURN_TYPE = YES_ERROR;
				GCC_WARN_UNDECLARED_SELECTOR = YES;
				GCC_WARN_UNINITIALIZED_AUTOS = YES_AGGRESSIVE;
				GCC_WARN_UNUSED_FUNCTION = YES;
				GCC_WARN_UNUSED_VARIABLE = YES;
				IPHONEOS_DEPLOYMENT_TARGET = 15.0;
				MTL_ENABLE_DEBUG_INFO = NO;
				MTL_FAST_MATH = YES;
				SDKROOT = iphoneos;
				SWIFT_COMPILATION_MODE = wholemodule;
				SWIFT_OPTIMIZATION_LEVEL = "-O";
				VALIDATE_PRODUCT = YES;
			};
			name = Release;
		};
		25C51C01277C4F3300ACEEFC /* Debug */ = {
			isa = XCBuildConfiguration;
			buildSettings = {
				ASSETCATALOG_COMPILER_APPICON_NAME = AppIcon;
				ASSETCATALOG_COMPILER_GLOBAL_ACCENT_COLOR_NAME = AccentColor;
				CODE_SIGN_STYLE = Automatic;
				CURRENT_PROJECT_VERSION = 1;
				GENERATE_INFOPLIST_FILE = YES;
				INFOPLIST_FILE = GestureRecognizer/Info.plist;
				INFOPLIST_KEY_UIApplicationSupportsIndirectInputEvents = YES;
				INFOPLIST_KEY_UILaunchStoryboardName = LaunchScreen;
				INFOPLIST_KEY_UIMainStoryboardFile = Main;
				INFOPLIST_KEY_UISupportedInterfaceOrientations_iPad = "UIInterfaceOrientationPortrait UIInterfaceOrientationPortraitUpsideDown UIInterfaceOrientationLandscapeLeft UIInterfaceOrientationLandscapeRight";
				INFOPLIST_KEY_UISupportedInterfaceOrientations_iPhone = "UIInterfaceOrientationPortrait UIInterfaceOrientationLandscapeLeft UIInterfaceOrientationLandscapeRight";
				LD_RUNPATH_SEARCH_PATHS = (
					"$(inherited)",
					"@executable_path/Frameworks",
				);
				MARKETING_VERSION = 1.0;
				PRODUCT_BUNDLE_IDENTIFIER = Partice.GestureRecognizer;
				PRODUCT_NAME = "$(TARGET_NAME)";
				SWIFT_EMIT_LOC_STRINGS = YES;
				SWIFT_VERSION = 5.0;
				TARGETED_DEVICE_FAMILY = "1,2";
			};
			name = Debug;
		};
		25C51C02277C4F3300ACEEFC /* Release */ = {
			isa = XCBuildConfiguration;
			buildSettings = {
				ASSETCATALOG_COMPILER_APPICON_NAME = AppIcon;
				ASSETCATALOG_COMPILER_GLOBAL_ACCENT_COLOR_NAME = AccentColor;
				CODE_SIGN_STYLE = Automatic;
				CURRENT_PROJECT_VERSION = 1;
				GENERATE_INFOPLIST_FILE = YES;
				INFOPLIST_FILE = GestureRecognizer/Info.plist;
				INFOPLIST_KEY_UIApplicationSupportsIndirectInputEvents = YES;
				INFOPLIST_KEY_UILaunchStoryboardName = LaunchScreen;
				INFOPLIST_KEY_UIMainStoryboardFile = Main;
				INFOPLIST_KEY_UISupportedInterfaceOrientations_iPad = "UIInterfaceOrientationPortrait UIInterfaceOrientationPortraitUpsideDown UIInterfaceOrientationLandscapeLeft UIInterfaceOrientationLandscapeRight";
				INFOPLIST_KEY_UISupportedInterfaceOrientations_iPhone = "UIInterfaceOrientationPortrait UIInterfaceOrientationLandscapeLeft UIInterfaceOrientationLandscapeRight";
				LD_RUNPATH_SEARCH_PATHS = (
					"$(inherited)",
					"@executable_path/Frameworks",
				);
				MARKETING_VERSION = 1.0;
				PRODUCT_BUNDLE_IDENTIFIER = Partice.GestureRecognizer;
				PRODUCT_NAME = "$(TARGET_NAME)";
				SWIFT_EMIT_LOC_STRINGS = YES;
				SWIFT_VERSION = 5.0;
				TARGETED_DEVICE_FAMILY = "1,2";
			};
			name = Release;
		};
		25C51C04277C4F3300ACEEFC /* Debug */ = {
			isa = XCBuildConfiguration;
			buildSettings = {
				ALWAYS_EMBED_SWIFT_STANDARD_LIBRARIES = YES;
				BUNDLE_LOADER = "$(TEST_HOST)";
				CODE_SIGN_STYLE = Automatic;
				CURRENT_PROJECT_VERSION = 1;
				GENERATE_INFOPLIST_FILE = YES;
				IPHONEOS_DEPLOYMENT_TARGET = 15.0;
				LD_RUNPATH_SEARCH_PATHS = (
					"$(inherited)",
					"@executable_path/Frameworks",
					"@loader_path/Frameworks",
				);
				MARKETING_VERSION = 1.0;
				PRODUCT_BUNDLE_IDENTIFIER = Partice.GestureRecognizerTests;
				PRODUCT_NAME = "$(TARGET_NAME)";
				SWIFT_EMIT_LOC_STRINGS = NO;
				SWIFT_VERSION = 5.0;
				TARGETED_DEVICE_FAMILY = "1,2";
				TEST_HOST = "$(BUILT_PRODUCTS_DIR)/GestureRecognizer.app/GestureRecognizer";
			};
			name = Debug;
		};
		25C51C05277C4F3300ACEEFC /* Release */ = {
			isa = XCBuildConfiguration;
			buildSettings = {
				ALWAYS_EMBED_SWIFT_STANDARD_LIBRARIES = YES;
				BUNDLE_LOADER = "$(TEST_HOST)";
				CODE_SIGN_STYLE = Automatic;
				CURRENT_PROJECT_VERSION = 1;
				GENERATE_INFOPLIST_FILE = YES;
				IPHONEOS_DEPLOYMENT_TARGET = 15.0;
				LD_RUNPATH_SEARCH_PATHS = (
					"$(inherited)",
					"@executable_path/Frameworks",
					"@loader_path/Frameworks",
				);
				MARKETING_VERSION = 1.0;
				PRODUCT_BUNDLE_IDENTIFIER = Partice.GestureRecognizerTests;
				PRODUCT_NAME = "$(TARGET_NAME)";
				SWIFT_EMIT_LOC_STRINGS = NO;
				SWIFT_VERSION = 5.0;
				TARGETED_DEVICE_FAMILY = "1,2";
				TEST_HOST = "$(BUILT_PRODUCTS_DIR)/GestureRecognizer.app/GestureRecognizer";
			};
			name = Release;
		};
		25C51C07277C4F3300ACEEFC /* Debug */ = {
			isa = XCBuildConfiguration;
			buildSettings = {
				ALWAYS_EMBED_SWIFT_STANDARD_LIBRARIES = YES;
				CODE_SIGN_STYLE = Automatic;
				CURRENT_PROJECT_VERSION = 1;
				GENERATE_INFOPLIST_FILE = YES;
				LD_RUNPATH_SEARCH_PATHS = (
					"$(inherited)",
					"@executable_path/Frameworks",
					"@loader_path/Frameworks",
				);
				MARKETING_VERSION = 1.0;
				PRODUCT_BUNDLE_IDENTIFIER = Partice.GestureRecognizerUITests;
				PRODUCT_NAME = "$(TARGET_NAME)";
				SWIFT_EMIT_LOC_STRINGS = NO;
				SWIFT_VERSION = 5.0;
				TARGETED_DEVICE_FAMILY = "1,2";
				TEST_TARGET_NAME = GestureRecognizer;
			};
			name = Debug;
		};
		25C51C08277C4F3300ACEEFC /* Release */ = {
			isa = XCBuildConfiguration;
			buildSettings = {
				ALWAYS_EMBED_SWIFT_STANDARD_LIBRARIES = YES;
				CODE_SIGN_STYLE = Automatic;
				CURRENT_PROJECT_VERSION = 1;
				GENERATE_INFOPLIST_FILE = YES;
				LD_RUNPATH_SEARCH_PATHS = (
					"$(inherited)",
					"@executable_path/Frameworks",
					"@loader_path/Frameworks",
				);
				MARKETING_VERSION = 1.0;
				PRODUCT_BUNDLE_IDENTIFIER = Partice.GestureRecognizerUITests;
				PRODUCT_NAME = "$(TARGET_NAME)";
				SWIFT_EMIT_LOC_STRINGS = NO;
				SWIFT_VERSION = 5.0;
				TARGETED_DEVICE_FAMILY = "1,2";
				TEST_TARGET_NAME = GestureRecognizer;
			};
			name = Release;
		};
/* End XCBuildConfiguration section */

/* Begin XCConfigurationList section */
		25C51BD1277C4F3100ACEEFC /* Build configuration list for PBXProject "GestureRecognizer" */ = {
			isa = XCConfigurationList;
			buildConfigurations = (
				25C51BFE277C4F3300ACEEFC /* Debug */,
				25C51BFF277C4F3300ACEEFC /* Release */,
			);
			defaultConfigurationIsVisible = 0;
			defaultConfigurationName = Release;
		};
		25C51C00277C4F3300ACEEFC /* Build configuration list for PBXNativeTarget "GestureRecognizer" */ = {
			isa = XCConfigurationList;
			buildConfigurations = (
				25C51C01277C4F3300ACEEFC /* Debug */,
				25C51C02277C4F3300ACEEFC /* Release */,
			);
			defaultConfigurationIsVisible = 0;
			defaultConfigurationName = Release;
		};
		25C51C03277C4F3300ACEEFC /* Build configuration list for PBXNativeTarget "GestureRecognizerTests" */ = {
			isa = XCConfigurationList;
			buildConfigurations = (
				25C51C04277C4F3300ACEEFC /* Debug */,
				25C51C05277C4F3300ACEEFC /* Release */,
			);
			defaultConfigurationIsVisible = 0;
			defaultConfigurationName = Release;
		};
		25C51C06277C4F3300ACEEFC /* Build configuration list for PBXNativeTarget "GestureRecognizerUITests" */ = {
			isa = XCConfigurationList;
			buildConfigurations = (
				25C51C07277C4F3300ACEEFC /* Debug */,
				25C51C08277C4F3300ACEEFC /* Release */,
			);
			defaultConfigurationIsVisible = 0;
			defaultConfigurationName = Release;
		};
/* End XCConfigurationList section */
	};
	rootObject = 25C51BCE277C4F3100ACEEFC /* Project object */;
}
